
Microsoft Visual Studio Solution File, Format Version 12.00
# Visual Studio Version 16
VisualStudioVersion = 16.0.31410.357
MinimumVisualStudioVersion = 10.0.40219.1
Project("{FAE04EC0-301F-11D3-BF4B-00C04F79EFBC}") = "DOSCompiler", "DOSCompiler\DOSCompiler.csproj", "{123602EA-E9F9-4D91-A68B-9C47F4FBB787}"
EndProject
Project("{2150E333-8FDC-42A3-9474-1A3956D46DE8}") = "GitFiles", "GitFiles", "{0E13AEED-391A-4DA0-BF01-33CA67469EC9}"
	ProjectSection(SolutionItems) = preProject
		..\.gitattributes = ..\.gitattributes
		..\LICENSE = ..\LICENSE
		..\README.md = ..\README.md
	EndProjectSection
EndProject
Global
	GlobalSection(SolutionConfigurationPlatforms) = preSolution
		Debug|Any CPU = Debug|Any CPU
		Release|Any CPU = Release|Any CPU
	EndGlobalSection
	GlobalSection(ProjectConfigurationPlatforms) = postSolution
		{123602EA-E9F9-4D91-A68B-9C47F4FBB787}.Debug|Any CPU.ActiveCfg = Debug|Any CPU
		{123602EA-E9F9-4D91-A68B-9C47F4FBB787}.Debug|Any CPU.Build.0 = Debug|Any CPU
		{123602EA-E9F9-4D91-A68B-9C47F4FBB787}.Release|Any CPU.ActiveCfg = Release|Any CPU
		{123602EA-E9F9-4D91-A68B-9C47F4FBB787}.Release|Any CPU.Build.0 = Release|Any CPU
	EndGlobalSection
	GlobalSection(SolutionProperties) = preSolution
		HideSolutionNode = FALSE
	EndGlobalSection
	GlobalSection(ExtensibilityGlobals) = postSolution
		SolutionGuid = {48322271-2E5B-40A9-8504-DFE7A44F240C}
	EndGlobalSection
EndGlobal
